
Microsoft Visual Studio Solution File, Format Version 12.00
# Visual Studio Version 17
VisualStudioVersion = 17.0.31903.59
MinimumVisualStudioVersion = 10.0.40219.1
Project("{9A19103F-16F7-4668-BE54-9A1E7A4F7556}") = "MarsRover", "MarsRover\MarsRover.csproj", "{5D03B7EA-F6D8-4AEF-B54E-F236294EE32F}"
EndProject
Project("{FAE04EC0-301F-11D3-BF4B-00C04F79EFBC}") = "MarsRover.Tests", "MarsRover.Tests\MarsRover.Tests.csproj", "{FD871978-C68C-4E1F-AF63-0455598E04A0}"
EndProject
Global
	GlobalSection(SolutionConfigurationPlatforms) = preSolution
		Debug|Any CPU = Debug|Any CPU
		Release|Any CPU = Release|Any CPU
	EndGlobalSection
	GlobalSection(ProjectConfigurationPlatforms) = postSolution
		{5D03B7EA-F6D8-4AEF-B54E-F236294EE32F}.Debug|Any CPU.ActiveCfg = Debug|Any CPU
		{5D03B7EA-F6D8-4AEF-B54E-F236294EE32F}.Debug|Any CPU.Build.0 = Debug|Any CPU
		{5D03B7EA-F6D8-4AEF-B54E-F236294EE32F}.Release|Any CPU.ActiveCfg = Release|Any CPU
		{5D03B7EA-F6D8-4AEF-B54E-F236294EE32F}.Release|Any CPU.Build.0 = Release|Any CPU
		{FD871978-C68C-4E1F-AF63-0455598E04A0}.Debug|Any CPU.ActiveCfg = Debug|Any CPU
		{FD871978-C68C-4E1F-AF63-0455598E04A0}.Debug|Any CPU.Build.0 = Debug|Any CPU
		{FD871978-C68C-4E1F-AF63-0455598E04A0}.Release|Any CPU.ActiveCfg = Release|Any CPU
		{FD871978-C68C-4E1F-AF63-0455598E04A0}.Release|Any CPU.Build.0 = Release|Any CPU
	EndGlobalSection
	GlobalSection(SolutionProperties) = preSolution
		HideSolutionNode = FALSE
	EndGlobalSection
	GlobalSection(ExtensibilityGlobals) = postSolution
		SolutionGuid = {A9BAA8EA-6CCE-46BD-91D3-39D93418BC26}
	EndGlobalSection
EndGlobal
