
Microsoft Visual Studio Solution File, Format Version 12.00
# Visual Studio Version 17
VisualStudioVersion = 17.0.31903.59
MinimumVisualStudioVersion = 10.0.40219.1
Project("{9A19103F-16F7-4668-BE54-9A1E7A4F7556}") = "ShopsRUs.Core", "ShopsRUs.Core\ShopsRUs.Core.csproj", "{5C641392-48BA-4801-AAB5-DDD66947DECF}"
EndProject
Project("{9A19103F-16F7-4668-BE54-9A1E7A4F7556}") = "ShopsRUs.Data", "ShopsRUs.Data\ShopsRUs.Data.csproj", "{E427EFF9-8A0A-4CE0-87F3-056D13EFEEE9}"
EndProject
Project("{9A19103F-16F7-4668-BE54-9A1E7A4F7556}") = "ShopsRUs.Persistence", "ShopsRUs.Persistence\ShopsRUs.Persistence.csproj", "{DE964C4F-CBDC-4BAE-A4CB-EED2BAC1120A}"
EndProject
Project("{9A19103F-16F7-4668-BE54-9A1E7A4F7556}") = "ShopsRUs.Service", "ShopsRUs.Service\ShopsRUs.Service.csproj", "{A34C9D6A-A022-4B59-8F7F-F245FBD79307}"
EndProject
Project("{9A19103F-16F7-4668-BE54-9A1E7A4F7556}") = "ShopsRUs.Web", "ShopsRUs\ShopsRUs.Web.csproj", "{4A6EBB27-EFCB-45BE-AC19-8E107BDC348E}"
EndProject
Global
	GlobalSection(SolutionConfigurationPlatforms) = preSolution
		Debug|Any CPU = Debug|Any CPU
		Release|Any CPU = Release|Any CPU
	EndGlobalSection
	GlobalSection(ProjectConfigurationPlatforms) = postSolution
		{5C641392-48BA-4801-AAB5-DDD66947DECF}.Debug|Any CPU.ActiveCfg = Debug|Any CPU
		{5C641392-48BA-4801-AAB5-DDD66947DECF}.Debug|Any CPU.Build.0 = Debug|Any CPU
		{5C641392-48BA-4801-AAB5-DDD66947DECF}.Release|Any CPU.ActiveCfg = Release|Any CPU
		{5C641392-48BA-4801-AAB5-DDD66947DECF}.Release|Any CPU.Build.0 = Release|Any CPU
		{E427EFF9-8A0A-4CE0-87F3-056D13EFEEE9}.Debug|Any CPU.ActiveCfg = Debug|Any CPU
		{E427EFF9-8A0A-4CE0-87F3-056D13EFEEE9}.Debug|Any CPU.Build.0 = Debug|Any CPU
		{E427EFF9-8A0A-4CE0-87F3-056D13EFEEE9}.Release|Any CPU.ActiveCfg = Release|Any CPU
		{E427EFF9-8A0A-4CE0-87F3-056D13EFEEE9}.Release|Any CPU.Build.0 = Release|Any CPU
		{DE964C4F-CBDC-4BAE-A4CB-EED2BAC1120A}.Debug|Any CPU.ActiveCfg = Debug|Any CPU
		{DE964C4F-CBDC-4BAE-A4CB-EED2BAC1120A}.Debug|Any CPU.Build.0 = Debug|Any CPU
		{DE964C4F-CBDC-4BAE-A4CB-EED2BAC1120A}.Release|Any CPU.ActiveCfg = Release|Any CPU
		{DE964C4F-CBDC-4BAE-A4CB-EED2BAC1120A}.Release|Any CPU.Build.0 = Release|Any CPU
		{A34C9D6A-A022-4B59-8F7F-F245FBD79307}.Debug|Any CPU.ActiveCfg = Debug|Any CPU
		{A34C9D6A-A022-4B59-8F7F-F245FBD79307}.Debug|Any CPU.Build.0 = Debug|Any CPU
		{A34C9D6A-A022-4B59-8F7F-F245FBD79307}.Release|Any CPU.ActiveCfg = Release|Any CPU
		{A34C9D6A-A022-4B59-8F7F-F245FBD79307}.Release|Any CPU.Build.0 = Release|Any CPU
		{4A6EBB27-EFCB-45BE-AC19-8E107BDC348E}.Debug|Any CPU.ActiveCfg = Debug|Any CPU
		{4A6EBB27-EFCB-45BE-AC19-8E107BDC348E}.Debug|Any CPU.Build.0 = Debug|Any CPU
		{4A6EBB27-EFCB-45BE-AC19-8E107BDC348E}.Release|Any CPU.ActiveCfg = Release|Any CPU
		{4A6EBB27-EFCB-45BE-AC19-8E107BDC348E}.Release|Any CPU.Build.0 = Release|Any CPU
	EndGlobalSection
	GlobalSection(SolutionProperties) = preSolution
		HideSolutionNode = FALSE
	EndGlobalSection
	GlobalSection(ExtensibilityGlobals) = postSolution
		SolutionGuid = {7FA9E58D-6D50-4734-BC33-44976E80ECB3}
	EndGlobalSection
EndGlobal
